<?xml version="1.0" encoding="UTF-8" standalone="yes" ?>
<CodeBlocks_project_file>
	<FileVersion major="1" minor="6" />
	<Project>
		<Option title="Demo" />
		<Option pch_mode="2" />
		<Option compiler="gcc" />
		<Build>
			<Target title="Debug">
				<Option output="bin\Debug\Demo" prefix_auto="1" extension_auto="1" />
				<Option object_output="obj\Debug\" />
				<Option type="1" />
				<Option compiler="gcc" />
				<Compiler>
					<Add option="-g" />
				</Compiler>
			</Target>
		</Build>
		<Compiler>
			<Add option="-Wall" />
		</Compiler>
		<Unit filename="Demo.cpp" />
		<Unit filename="..\gui\Win32Console\Core\Console.cpp" />
		<Unit filename="..\gui\Win32Console\Core\Console.h" />
		<Unit filename="..\gui\Win32Console\Exception\GuiException.cpp" />
		<Unit filename="..\gui\Win32Console\Exception\GuiException.h" />
		<Unit filename="..\gui\Win32Console\Form\Field.cpp" />
		<Unit filename="..\gui\Win32Console\Form\Field.h" />
		<Unit filename="..\gui\Win32Console\Form\FormController.cpp" />
		<Unit filename="..\gui\Win32Console\Form\FormController.h" />
		<Unit filename="..\gui\Win32Console\Form\FormSet\FormSet.cpp" />
		<Unit filename="..\gui\Win32Console\Form\FormSet\FormSet.h" />
		<Unit filename="..\gui\Win32Console\Form\Input\TextInput.cpp" />
		<Unit filename="..\gui\Win32Console\Form\Input\TextInput.h" />
		<Unit filename="..\gui\Win32Console\Form\Validation\Validator.cpp" />
		<Unit filename="..\gui\Win32Console\Form\Validation\Validator.h" />
		<Unit filename="..\gui\Win32Console\Media\Media.cpp" />
		<Unit filename="..\gui\Win32Console\Media\Media.h" />
		<Unit filename="..\gui\Win32Console\Menu\Item.cpp" />
		<Unit filename="..\gui\Win32Console\Menu\Item.h" />
		<Unit filename="..\gui\Win32Console\Menu\MenuController.cpp" />
		<Unit filename="..\gui\Win32Console\Menu\MenuController.h" />
		<Unit filename="..\gui\Win32Console\Menu\Menus\Extended\About.cpp" />
		<Unit filename="..\gui\Win32Console\Menu\Menus\Extended\About.h" />
		<Unit filename="..\gui\Win32Console\Menu\Menus\Extended\ExtendedMenuController.cpp" />
		<Unit filename="..\gui\Win32Console\Menu\Menus\Extended\ExtendedMenuController.h" />
		<Unit filename="..\gui\Win32Console\Menu\Menus\Extended\Help.cpp" />
		<Unit filename="..\gui\Win32Console\Menu\Menus\Extended\Help.h" />
		<Unit filename="..\gui\Win32Console\Menu\Menus\MenuSet.cpp" />
		<Unit filename="..\gui\Win32Console\Menu\Menus\MenuSet.h" />
		<Unit filename="..\gui\Win32Console\Menu\Scroller.cpp" />
		<Unit filename="..\gui\Win32Console\Menu\Scroller.h" />
		<Unit filename="..\gui\Win32Console\Screen\Screen.cpp" />
		<Unit filename="..\gui\Win32Console\Screen\Screen.h" />
		<Unit filename="..\gui\Win32Console\Tools\Colour.h">
			<Option target="&lt;{~None~}&gt;" />
		</Unit>
		<Unit filename="..\gui\Win32Console\Tools\Frame.cpp" />
		<Unit filename="..\gui\Win32Console\Tools\Frame.h" />
		<Unit filename="..\gui\Win32Console\Tools\Line.cpp" />
		<Unit filename="..\gui\Win32Console\Tools\Line.h" />
		<Extensions>
			<code_completion />
			<debugger />
		</Extensions>
	</Project>
</CodeBlocks_project_file>
